
Microsoft Visual Studio Solution File, Format Version 12.00
# Visual Studio Version 17
VisualStudioVersion = 17.9.34714.143
MinimumVisualStudioVersion = 10.0.40219.1
Project("{FAE04EC0-301F-11D3-BF4B-00C04F79EFBC}") = "1", "HW04042024\1.csproj", "{05DC6A0D-F033-487E-8EC0-4C6F78EA978B}"
EndProject
Global
	GlobalSection(SolutionConfigurationPlatforms) = preSolution
		Debug|Any CPU = Debug|Any CPU
		Release|Any CPU = Release|Any CPU
	EndGlobalSection
	GlobalSection(ProjectConfigurationPlatforms) = postSolution
		{05DC6A0D-F033-487E-8EC0-4C6F78EA978B}.Debug|Any CPU.ActiveCfg = Debug|Any CPU
		{05DC6A0D-F033-487E-8EC0-4C6F78EA978B}.Debug|Any CPU.Build.0 = Debug|Any CPU
		{05DC6A0D-F033-487E-8EC0-4C6F78EA978B}.Release|Any CPU.ActiveCfg = Release|Any CPU
		{05DC6A0D-F033-487E-8EC0-4C6F78EA978B}.Release|Any CPU.Build.0 = Release|Any CPU
	EndGlobalSection
	GlobalSection(SolutionProperties) = preSolution
		HideSolutionNode = FALSE
	EndGlobalSection
	GlobalSection(ExtensibilityGlobals) = postSolution
		SolutionGuid = {7A9F10E9-1ECC-4CA2-8E71-36A5F1B46EEB}
	EndGlobalSection
EndGlobal
